
Microsoft Visual Studio Solution File, Format Version 12.00
# Visual Studio Version 16
VisualStudioVersion = 25.0.1705.4
MinimumVisualStudioVersion = 10.0.40219.1
Project("{FAE04EC0-301F-11D3-BF4B-00C04F79EFBC}") = "DapperCrud", "DapperCrud.csproj", "{FEAD4324-7A37-44DB-B6E1-B225055DAD94}"
EndProject
Global
	GlobalSection(SolutionConfigurationPlatforms) = preSolution
		Debug|Any CPU = Debug|Any CPU
		Release|Any CPU = Release|Any CPU
	EndGlobalSection
	GlobalSection(ProjectConfigurationPlatforms) = postSolution
		{FEAD4324-7A37-44DB-B6E1-B225055DAD94}.Debug|Any CPU.ActiveCfg = Debug|Any CPU
		{FEAD4324-7A37-44DB-B6E1-B225055DAD94}.Debug|Any CPU.Build.0 = Debug|Any CPU
		{FEAD4324-7A37-44DB-B6E1-B225055DAD94}.Release|Any CPU.ActiveCfg = Release|Any CPU
		{FEAD4324-7A37-44DB-B6E1-B225055DAD94}.Release|Any CPU.Build.0 = Release|Any CPU
	EndGlobalSection
	GlobalSection(SolutionProperties) = preSolution
		HideSolutionNode = FALSE
	EndGlobalSection
	GlobalSection(ExtensibilityGlobals) = postSolution
		SolutionGuid = {A1FC6130-4772-452D-9577-D41E33FC48CE}
	EndGlobalSection
EndGlobal
